PODS:
  - Flutter (1.0.0)
  - torch_controller (0.1.2):
    - Flutter

DEPENDENCIES:
  - Flutter (from `Flutter`)
  - torch_controller (from `.symlinks/plugins/torch_controller/ios`)

EXTERNAL SOURCES:
  Flutter:
    :path: Flutter
  torch_controller:
    :path: ".symlinks/plugins/torch_controller/ios"

SPEC CHECKSUMS:
  Flutter: 50d75fe2f02b26cc09d224853bb45737f8b3214a
  torch_controller: b9e6c3deaf9a6092aad39e48d3e0210e573f2505

PODFILE CHECKSUM: a75497545d4391e2d394c3668e20cfb1c2bbd4aa

COCOAPODS: 1.11.3
